
Microsoft Visual Studio Solution File, Format Version 12.00
# Visual Studio Version 16
VisualStudioVersion = 16.0.31402.337
MinimumVisualStudioVersion = 10.0.40219.1
Project("{FAE04EC0-301F-11D3-BF4B-00C04F79EFBC}") = "in-memory-caching-in-aspnet-core", "in-memory-caching-in-aspnet-core\in-memory-caching-in-aspnet-core.csproj", "{EB3FAAAE-528D-4F8F-9A81-195EB1E9989D}"
EndProject
Global
	GlobalSection(SolutionConfigurationPlatforms) = preSolution
		Debug|Any CPU = Debug|Any CPU
		Release|Any CPU = Release|Any CPU
	EndGlobalSection
	GlobalSection(ProjectConfigurationPlatforms) = postSolution
		{EB3FAAAE-528D-4F8F-9A81-195EB1E9989D}.Debug|Any CPU.ActiveCfg = Debug|Any CPU
		{EB3FAAAE-528D-4F8F-9A81-195EB1E9989D}.Debug|Any CPU.Build.0 = Debug|Any CPU
		{EB3FAAAE-528D-4F8F-9A81-195EB1E9989D}.Release|Any CPU.ActiveCfg = Release|Any CPU
		{EB3FAAAE-528D-4F8F-9A81-195EB1E9989D}.Release|Any CPU.Build.0 = Release|Any CPU
	EndGlobalSection
	GlobalSection(SolutionProperties) = preSolution
		HideSolutionNode = FALSE
	EndGlobalSection
	GlobalSection(ExtensibilityGlobals) = postSolution
		SolutionGuid = {A239FBF4-B6B7-43DC-9B2E-6AA9154C3B56}
	EndGlobalSection
EndGlobal
